// !$*UTF8*$!
{
	archiveVersion = 1;
	classes = {
	};
	objectVersion = 56;
	objects = {

/* Begin PBXBuildFile section */
		11DE4B982B59171C007827FF /* AppDelegate.swift in Sources */ = {isa = PBXBuildFile; fileRef = 11DE4B972B59171C007827FF /* AppDelegate.swift */; };
		11DE4B9A2B59171C007827FF /* SceneDelegate.swift in Sources */ = {isa = PBXBuildFile; fileRef = 11DE4B992B59171C007827FF /* SceneDelegate.swift */; };
		11DE4B9C2B59171C007827FF /* ViewController.swift in Sources */ = {isa = PBXBuildFile; fileRef = 11DE4B9B2B59171C007827FF /* ViewController.swift */; };
		11DE4B9F2B59171C007827FF /* Main.storyboard in Resources */ = {isa = PBXBuildFile; fileRef = 11DE4B9D2B59171C007827FF /* Main.storyboard */; };
		11DE4BA12B59171D007827FF /* Assets.xcassets in Resources */ = {isa = PBXBuildFile; fileRef = 11DE4BA02B59171D007827FF /* Assets.xcassets */; };
		11DE4BA42B59171D007827FF /* LaunchScreen.storyboard in Resources */ = {isa = PBXBuildFile; fileRef = 11DE4BA22B59171D007827FF /* LaunchScreen.storyboard */; };
		11DE4BAF2B59171D007827FF /* customTableViewTests.swift in Sources */ = {isa = PBXBuildFile; fileRef = 11DE4BAE2B59171D007827FF /* customTableViewTests.swift */; };
		11DE4BB92B59171D007827FF /* customTableViewUITests.swift in Sources */ = {isa = PBXBuildFile; fileRef = 11DE4BB82B59171D007827FF /* customTableViewUITests.swift */; };
		11DE4BBB2B59171D007827FF /* customTableViewUITestsLaunchTests.swift in Sources */ = {isa = PBXBuildFile; fileRef = 11DE4BBA2B59171D007827FF /* customTableViewUITestsLaunchTests.swift */; };
		11DE4BC82B591A7C007827FF /* CustomTableViewCell.swift in Sources */ = {isa = PBXBuildFile; fileRef = 11DE4BC72B591A7C007827FF /* CustomTableViewCell.swift */; };
/* End PBXBuildFile section */

/* Begin PBXContainerItemProxy section */
		11DE4BAB2B59171D007827FF /* PBXContainerItemProxy */ = {
			isa = PBXContainerItemProxy;
			containerPortal = 11DE4B8C2B59171C007827FF /* Project object */;
			proxyType = 1;
			remoteGlobalIDString = 11DE4B932B59171C007827FF;
			remoteInfo = customTableView;
		};
		11DE4BB52B59171D007827FF /* PBXContainerItemProxy */ = {
			isa = PBXContainerItemProxy;
			containerPortal = 11DE4B8C2B59171C007827FF /* Project object */;
			proxyType = 1;
			remoteGlobalIDString = 11DE4B932B59171C007827FF;
			remoteInfo = customTableView;
		};
/* End PBXContainerItemProxy section */

/* Begin PBXFileReference section */
		11DE4B942B59171C007827FF /* customTableView.app */ = {isa = PBXFileReference; explicitFileType = wrapper.application; includeInIndex = 0; path = customTableView.app; sourceTree = BUILT_PRODUCTS_DIR; };
		11DE4B972B59171C007827FF /* AppDelegate.swift */ = {isa = PBXFileReference; lastKnownFileType = sourcecode.swift; path = AppDelegate.swift; sourceTree = "<group>"; };
		11DE4B992B59171C007827FF /* SceneDelegate.swift */ = {isa = PBXFileReference; lastKnownFileType = sourcecode.swift; path = SceneDelegate.swift; sourceTree = "<group>"; };
		11DE4B9B2B59171C007827FF /* ViewController.swift */ = {isa = PBXFileReference; lastKnownFileType = sourcecode.swift; path = ViewController.swift; sourceTree = "<group>"; };
		11DE4B9E2B59171C007827FF /* Base */ = {isa = PBXFileReference; lastKnownFileType = file.storyboard; name = Base; path = Base.lproj/Main.storyboard; sourceTree = "<group>"; };
		11DE4BA02B59171D007827FF /* Assets.xcassets */ = {isa = PBXFileReference; lastKnownFileType = folder.assetcatalog; path = Assets.xcassets; sourceTree = "<group>"; };
		11DE4BA32B59171D007827FF /* Base */ = {isa = PBXFileReference; lastKnownFileType = file.storyboard; name = Base; path = Base.lproj/LaunchScreen.storyboard; sourceTree = "<group>"; };
		11DE4BA52B59171D007827FF /* Info.plist */ = {isa = PBXFileReference; lastKnownFileType = text.plist.xml; path = Info.plist; sourceTree = "<group>"; };
		11DE4BAA2B59171D007827FF /* customTableViewTests.xctest */ = {isa = PBXFileReference; explicitFileType = wrapper.cfbundle; includeInIndex = 0; path = customTableViewTests.xctest; sourceTree = BUILT_PRODUCTS_DIR; };
		11DE4BAE2B59171D007827FF /* customTableViewTests.swift */ = {isa = PBXFileReference; lastKnownFileType = sourcecode.swift; path = customTableViewTests.swift; sourceTree = "<group>"; };
		11DE4BB42B59171D007827FF /* customTableViewUITests.xctest */ = {isa = PBXFileReference; explicitFileType = wrapper.cfbundle; includeInIndex = 0; path = customTableViewUITests.xctest; sourceTree = BUILT_PRODUCTS_DIR; };
		11DE4BB82B59171D007827FF /* customTableViewUITests.swift */ = {isa = PBXFileReference; lastKnownFileType = sourcecode.swift; path = customTableViewUITests.swift; sourceTree = "<group>"; };
		11DE4BBA2B59171D007827FF /* customTableViewUITestsLaunchTests.swift */ = {isa = PBXFileReference; lastKnownFileType = sourcecode.swift; path = customTableViewUITestsLaunchTests.swift; sourceTree = "<group>"; };
		11DE4BC72B591A7C007827FF /* CustomTableViewCell.swift */ = {isa = PBXFileReference; lastKnownFileType = sourcecode.swift; path = CustomTableViewCell.swift; sourceTree = "<group>"; };
/* End PBXFileReference section */

/* Begin PBXFrameworksBuildPhase section */
		11DE4B912B59171C007827FF /* Frameworks */ = {
			isa = PBXFrameworksBuildPhase;
			buildActionMask = 2147483647;
			files = (
			);
			runOnlyForDeploymentPostprocessing = 0;
		};
		11DE4BA72B59171D007827FF /* Frameworks */ = {
			isa = PBXFrameworksBuildPhase;
			buildActionMask = 2147483647;
			files = (
			);
			runOnlyForDeploymentPostprocessing = 0;
		};
		11DE4BB12B59171D007827FF /* Frameworks */ = {
			isa = PBXFrameworksBuildPhase;
			buildActionMask = 2147483647;
			files = (
			);
			runOnlyForDeploymentPostprocessing = 0;
		};
/* End PBXFrameworksBuildPhase section */

/* Begin PBXGroup section */
		11DE4B8B2B59171C007827FF = {
			isa = PBXGroup;
			children = (
				11DE4B962B59171C007827FF /* customTableView */,
				11DE4BAD2B59171D007827FF /* customTableViewTests */,
				11DE4BB72B59171D007827FF /* customTableViewUITests */,
				11DE4B952B59171C007827FF /* Products */,
			);
			sourceTree = "<group>";
		};
		11DE4B952B59171C007827FF /* Products */ = {
			isa = PBXGroup;
			children = (
				11DE4B942B59171C007827FF /* customTableView.app */,
				11DE4BAA2B59171D007827FF /* customTableViewTests.xctest */,
				11DE4BB42B59171D007827FF /* customTableViewUITests.xctest */,
			);
			name = Products;
			sourceTree = "<group>";
		};
		11DE4B962B59171C007827FF /* customTableView */ = {
			isa = PBXGroup;
			children = (
				11DE4B972B59171C007827FF /* AppDelegate.swift */,
				11DE4B992B59171C007827FF /* SceneDelegate.swift */,
				11DE4B9B2B59171C007827FF /* ViewController.swift */,
				11DE4B9D2B59171C007827FF /* Main.storyboard */,
				11DE4BA02B59171D007827FF /* Assets.xcassets */,
				11DE4BA22B59171D007827FF /* LaunchScreen.storyboard */,
				11DE4BA52B59171D007827FF /* Info.plist */,
				11DE4BC72B591A7C007827FF /* CustomTableViewCell.swift */,
			);
			path = customTableView;
			sourceTree = "<group>";
		};
		11DE4BAD2B59171D007827FF /* customTableViewTests */ = {
			isa = PBXGroup;
			children = (
				11DE4BAE2B59171D007827FF /* customTableViewTests.swift */,
			);
			path = customTableViewTests;
			sourceTree = "<group>";
		};
		11DE4BB72B59171D007827FF /* customTableViewUITests */ = {
			isa = PBXGroup;
			children = (
				11DE4BB82B59171D007827FF /* customTableViewUITests.swift */,
				11DE4BBA2B59171D007827FF /* customTableViewUITestsLaunchTests.swift */,
			);
			path = customTableViewUITests;
			sourceTree = "<group>";
		};
/* End PBXGroup section */

/* Begin PBXNativeTarget section */
		11DE4B932B59171C007827FF /* customTableView */ = {
			isa = PBXNativeTarget;
			buildConfigurationList = 11DE4BBE2B59171D007827FF /* Build configuration list for PBXNativeTarget "customTableView" */;
			buildPhases = (
				11DE4B902B59171C007827FF /* Sources */,
				11DE4B912B59171C007827FF /* Frameworks */,
				11DE4B922B59171C007827FF /* Resources */,
			);
			buildRules = (
			);
			dependencies = (
			);
			name = customTableView;
			productName = customTableView;
			productReference = 11DE4B942B59171C007827FF /* customTableView.app */;
			productType = "com.apple.product-type.application";
		};
		11DE4BA92B59171D007827FF /* customTableViewTests */ = {
			isa = PBXNativeTarget;
			buildConfigurationList = 11DE4BC12B59171D007827FF /* Build configuration list for PBXNativeTarget "customTableViewTests" */;
			buildPhases = (
				11DE4BA62B59171D007827FF /* Sources */,
				11DE4BA72B59171D007827FF /* Frameworks */,
				11DE4BA82B59171D007827FF /* Resources */,
			);
			buildRules = (
			);
			dependencies = (
				11DE4BAC2B59171D007827FF /* PBXTargetDependency */,
			);
			name = customTableViewTests;
			productName = customTableViewTests;
			productReference = 11DE4BAA2B59171D007827FF /* customTableViewTests.xctest */;
			productType = "com.apple.product-type.bundle.unit-test";
		};
		11DE4BB32B59171D007827FF /* customTableViewUITests */ = {
			isa = PBXNativeTarget;
			buildConfigurationList = 11DE4BC42B59171D007827FF /* Build configuration list for PBXNativeTarget "customTableViewUITests" */;
			buildPhases = (
				11DE4BB02B59171D007827FF /* Sources */,
				11DE4BB12B59171D007827FF /* Frameworks */,
				11DE4BB22B59171D007827FF /* Resources */,
			);
			buildRules = (
			);
			dependencies = (
				11DE4BB62B59171D007827FF /* PBXTargetDependency */,
			);
			name = customTableViewUITests;
			productName = customTableViewUITests;
			productReference = 11DE4BB42B59171D007827FF /* customTableViewUITests.xctest */;
			productType = "com.apple.product-type.bundle.ui-testing";
		};
/* End PBXNativeTarget section */

/* Begin PBXProject section */
		11DE4B8C2B59171C007827FF /* Project object */ = {
			isa = PBXProject;
			attributes = {
				BuildIndependentTargetsInParallel = 1;
				LastSwiftUpdateCheck = 1520;
				LastUpgradeCheck = 1520;
				TargetAttributes = {
					11DE4B932B59171C007827FF = {
						CreatedOnToolsVersion = 15.2;
					};
					11DE4BA92B59171D007827FF = {
						CreatedOnToolsVersion = 15.2;
						TestTargetID = 11DE4B932B59171C007827FF;
					};
					11DE4BB32B59171D007827FF = {
						CreatedOnToolsVersion = 15.2;
						TestTargetID = 11DE4B932B59171C007827FF;
					};
				};
			};
			buildConfigurationList = 11DE4B8F2B59171C007827FF /* Build configuration list for PBXProject "customTableView" */;
			compatibilityVersion = "Xcode 14.0";
			developmentRegion = en;
			hasScannedForEncodings = 0;
			knownRegions = (
				en,
				Base,
			);
			mainGroup = 11DE4B8B2B59171C007827FF;
			productRefGroup = 11DE4B952B59171C007827FF /* Products */;
			projectDirPath = "";
			projectRoot = "";
			targets = (
				11DE4B932B59171C007827FF /* customTableView */,
				11DE4BA92B59171D007827FF /* customTableViewTests */,
				11DE4BB32B59171D007827FF /* customTableViewUITests */,
			);
		};
/* End PBXProject section */

/* Begin PBXResourcesBuildPhase section */
		11DE4B922B59171C007827FF /* Resources */ = {
			isa = PBXResourcesBuildPhase;
			buildActionMask = 2147483647;
			files = (
				11DE4BA42B59171D007827FF /* LaunchScreen.storyboard in Resources */,
				11DE4BA12B59171D007827FF /* Assets.xcassets in Resources */,
				11DE4B9F2B59171C007827FF /* Main.storyboard in Resources */,
			);
			runOnlyForDeploymentPostprocessing = 0;
		};
		11DE4BA82B59171D007827FF /* Resources */ = {
			isa = PBXResourcesBuildPhase;
			buildActionMask = 2147483647;
			files = (
			);
			runOnlyForDeploymentPostprocessing = 0;
		};
		11DE4BB22B59171D007827FF /* Resources */ = {
			isa = PBXResourcesBuildPhase;
			buildActionMask = 2147483647;
			files = (
			);
			runOnlyForDeploymentPostprocessing = 0;
		};
/* End PBXResourcesBuildPhase section */

/* Begin PBXSourcesBuildPhase section */
		11DE4B902B59171C007827FF /* Sources */ = {
			isa = PBXSourcesBuildPhase;
			buildActionMask = 2147483647;
			files = (
				11DE4B9C2B59171C007827FF /* ViewController.swift in Sources */,
				11DE4B982B59171C007827FF /* AppDelegate.swift in Sources */,
				11DE4BC82B591A7C007827FF /* CustomTableViewCell.swift in Sources */,
				11DE4B9A2B59171C007827FF /* SceneDelegate.swift in Sources */,
			);
			runOnlyForDeploymentPostprocessing = 0;
		};
		11DE4BA62B59171D007827FF /* Sources */ = {
			isa = PBXSourcesBuildPhase;
			buildActionMask = 2147483647;
			files = (
				11DE4BAF2B59171D007827FF /* customTableViewTests.swift in Sources */,
			);
			runOnlyForDeploymentPostprocessing = 0;
		};
		11DE4BB02B59171D007827FF /* Sources */ = {
			isa = PBXSourcesBuildPhase;
			buildActionMask = 2147483647;
			files = (
				11DE4BB92B59171D007827FF /* customTableViewUITests.swift in Sources */,
				11DE4BBB2B59171D007827FF /* customTableViewUITestsLaunchTests.swift in Sources */,
			);
			runOnlyForDeploymentPostprocessing = 0;
		};
/* End PBXSourcesBuildPhase section */

/* Begin PBXTargetDependency section */
		11DE4BAC2B59171D007827FF /* PBXTargetDependency */ = {
			isa = PBXTargetDependency;
			target = 11DE4B932B59171C007827FF /* customTableView */;
			targetProxy = 11DE4BAB2B59171D007827FF /* PBXContainerItemProxy */;
		};
		11DE4BB62B59171D007827FF /* PBXTargetDependency */ = {
			isa = PBXTargetDependency;
			target = 11DE4B932B59171C007827FF /* customTableView */;
			targetProxy = 11DE4BB52B59171D007827FF /* PBXContainerItemProxy */;
		};
/* End PBXTargetDependency section */

/* Begin PBXVariantGroup section */
		11DE4B9D2B59171C007827FF /* Main.storyboard */ = {
			isa = PBXVariantGroup;
			children = (
				11DE4B9E2B59171C007827FF /* Base */,
			);
			name = Main.storyboard;
			sourceTree = "<group>";
		};
		11DE4BA22B59171D007827FF /* LaunchScreen.storyboard */ = {
			isa = PBXVariantGroup;
			children = (
				11DE4BA32B59171D007827FF /* Base */,
			);
			name = LaunchScreen.storyboard;
			sourceTree = "<group>";
		};
/* End PBXVariantGroup section */

/* Begin XCBuildConfiguration section */
		11DE4BBC2B59171D007827FF /* Debug */ = {
			isa = XCBuildConfiguration;
			buildSettings = {
				ALWAYS_SEARCH_USER_PATHS = NO;
				ASSETCATALOG_COMPILER_GENERATE_SWIFT_ASSET_SYMBOL_EXTENSIONS = YES;
				CLANG_ANALYZER_NONNULL = YES;
				CLANG_ANALYZER_NUMBER_OBJECT_CONVERSION = YES_AGGRESSIVE;
				CLANG_CXX_LANGUAGE_STANDARD = "gnu++20";
				CLANG_ENABLE_MODULES = YES;
				CLANG_ENABLE_OBJC_ARC = YES;
				CLANG_ENABLE_OBJC_WEAK = YES;
				CLANG_WARN_BLOCK_CAPTURE_AUTORELEASING = YES;
				CLANG_WARN_BOOL_CONVERSION = YES;
				CLANG_WARN_COMMA = YES;
				CLANG_WARN_CONSTANT_CONVERSION = YES;
				CLANG_WARN_DEPRECATED_OBJC_IMPLEMENTATIONS = YES;
				CLANG_WARN_DIRECT_OBJC_ISA_USAGE = YES_ERROR;
				CLANG_WARN_DOCUMENTATION_COMMENTS = YES;
				CLANG_WARN_EMPTY_BODY = YES;
				CLANG_WARN_ENUM_CONVERSION = YES;
				CLANG_WARN_INFINITE_RECURSION = YES;
				CLANG_WARN_INT_CONVERSION = YES;
				CLANG_WARN_NON_LITERAL_NULL_CONVERSION = YES;
				CLANG_WARN_OBJC_IMPLICIT_RETAIN_SELF = YES;
				CLANG_WARN_OBJC_LITERAL_CONVERSION = YES;
				CLANG_WARN_OBJC_ROOT_CLASS = YES_ERROR;
				CLANG_WARN_QUOTED_INCLUDE_IN_FRAMEWORK_HEADER = YES;
				CLANG_WARN_RANGE_LOOP_ANALYSIS = YES;
				CLANG_WARN_STRICT_PROTOTYPES = YES;
				CLANG_WARN_SUSPICIOUS_MOVE = YES;
				CLANG_WARN_UNGUARDED_AVAILABILITY = YES_AGGRESSIVE;
				CLANG_WARN_UNREACHABLE_CODE = YES;
				CLANG_WARN__DUPLICATE_METHOD_MATCH = YES;
				COPY_PHASE_STRIP = NO;
				DEBUG_INFORMATION_FORMAT = dwarf;
				ENABLE_STRICT_OBJC_MSGSEND = YES;
				ENABLE_TESTABILITY = YES;
				ENABLE_USER_SCRIPT_SANDBOXING = YES;
				GCC_C_LANGUAGE_STANDARD = gnu17;
				GCC_DYNAMIC_NO_PIC = NO;
				GCC_NO_COMMON_BLOCKS = YES;
				GCC_OPTIMIZATION_LEVEL = 0;
				GCC_PREPROCESSOR_DEFINITIONS = (
					"DEBUG=1",
					"$(inherited)",
				);
				GCC_WARN_64_TO_32_BIT_CONVERSION = YES;
				GCC_WARN_ABOUT_RETURN_TYPE = YES_ERROR;
				GCC_WARN_UNDECLARED_SELECTOR = YES;
				GCC_WARN_UNINITIALIZED_AUTOS = YES_AGGRESSIVE;
				GCC_WARN_UNUSED_FUNCTION = YES;
				GCC_WARN_UNUSED_VARIABLE = YES;
				IPHONEOS_DEPLOYMENT_TARGET = 17.2;
				LOCALIZATION_PREFERS_STRING_CATALOGS = YES;
				MTL_ENABLE_DEBUG_INFO = INCLUDE_SOURCE;
				MTL_FAST_MATH = YES;
				ONLY_ACTIVE_ARCH = YES;
				SDKROOT = iphoneos;
				SWIFT_ACTIVE_COMPILATION_CONDITIONS = "DEBUG $(inherited)";
				SWIFT_OPTIMIZATION_LEVEL = "-Onone";
			};
			name = Debug;
		};
		11DE4BBD2B59171D007827FF /* Release */ = {
			isa = XCBuildConfiguration;
			buildSettings = {
				ALWAYS_SEARCH_USER_PATHS = NO;
				ASSETCATALOG_COMPILER_GENERATE_SWIFT_ASSET_SYMBOL_EXTENSIONS = YES;
				CLANG_ANALYZER_NONNULL = YES;
				CLANG_ANALYZER_NUMBER_OBJECT_CONVERSION = YES_AGGRESSIVE;
				CLANG_CXX_LANGUAGE_STANDARD = "gnu++20";
				CLANG_ENABLE_MODULES = YES;
				CLANG_ENABLE_OBJC_ARC = YES;
				CLANG_ENABLE_OBJC_WEAK = YES;
				CLANG_WARN_BLOCK_CAPTURE_AUTORELEASING = YES;
				CLANG_WARN_BOOL_CONVERSION = YES;
				CLANG_WARN_COMMA = YES;
				CLANG_WARN_CONSTANT_CONVERSION = YES;
				CLANG_WARN_DEPRECATED_OBJC_IMPLEMENTATIONS = YES;
				CLANG_WARN_DIRECT_OBJC_ISA_USAGE = YES_ERROR;
				CLANG_WARN_DOCUMENTATION_COMMENTS = YES;
				CLANG_WARN_EMPTY_BODY = YES;
				CLANG_WARN_ENUM_CONVERSION = YES;
				CLANG_WARN_INFINITE_RECURSION = YES;
				CLANG_WARN_INT_CONVERSION = YES;
				CLANG_WARN_NON_LITERAL_NULL_CONVERSION = YES;
				CLANG_WARN_OBJC_IMPLICIT_RETAIN_SELF = YES;
				CLANG_WARN_OBJC_LITERAL_CONVERSION = YES;
				CLANG_WARN_OBJC_ROOT_CLASS = YES_ERROR;
				CLANG_WARN_QUOTED_INCLUDE_IN_FRAMEWORK_HEADER = YES;
				CLANG_WARN_RANGE_LOOP_ANALYSIS = YES;
				CLANG_WARN_STRICT_PROTOTYPES = YES;
				CLANG_WARN_SUSPICIOUS_MOVE = YES;
				CLANG_WARN_UNGUARDED_AVAILABILITY = YES_AGGRESSIVE;
				CLANG_WARN_UNREACHABLE_CODE = YES;
				CLANG_WARN__DUPLICATE_METHOD_MATCH = YES;
				COPY_PHASE_STRIP = NO;
				DEBUG_INFORMATION_FORMAT = "dwarf-with-dsym";
				ENABLE_NS_ASSERTIONS = NO;
				ENABLE_STRICT_OBJC_MSGSEND = YES;
				ENABLE_USER_SCRIPT_SANDBOXING = YES;
				GCC_C_LANGUAGE_STANDARD = gnu17;
				GCC_NO_COMMON_BLOCKS = YES;
				GCC_WARN_64_TO_32_BIT_CONVERSION = YES;
				GCC_WARN_ABOUT_RETURN_TYPE = YES_ERROR;
				GCC_WARN_UNDECLARED_SELECTOR = YES;
				GCC_WARN_UNINITIALIZED_AUTOS = YES_AGGRESSIVE;
				GCC_WARN_UNUSED_FUNCTION = YES;
				GCC_WARN_UNUSED_VARIABLE = YES;
				IPHONEOS_DEPLOYMENT_TARGET = 17.2;
				LOCALIZATION_PREFERS_STRING_CATALOGS = YES;
				MTL_ENABLE_DEBUG_INFO = NO;
				MTL_FAST_MATH = YES;
				SDKROOT = iphoneos;
				SWIFT_COMPILATION_MODE = wholemodule;
				VALIDATE_PRODUCT = YES;
			};
			name = Release;
		};
		11DE4BBF2B59171D007827FF /* Debug */ = {
			isa = XCBuildConfiguration;
			buildSettings = {
				ASSETCATALOG_COMPILER_APPICON_NAME = AppIcon;
				ASSETCATALOG_COMPILER_GLOBAL_ACCENT_COLOR_NAME = AccentColor;
				CODE_SIGN_STYLE = Automatic;
				CURRENT_PROJECT_VERSION = 1;
				GENERATE_INFOPLIST_FILE = YES;
				INFOPLIST_FILE = customTableView/Info.plist;
				INFOPLIST_KEY_UIApplicationSupportsIndirectInputEvents = YES;
				INFOPLIST_KEY_UILaunchStoryboardName = LaunchScreen;
				INFOPLIST_KEY_UIMainStoryboardFile = Main;
				INFOPLIST_KEY_UISupportedInterfaceOrientations_iPad = "UIInterfaceOrientationPortrait UIInterfaceOrientationPortraitUpsideDown UIInterfaceOrientationLandscapeLeft UIInterfaceOrientationLandscapeRight";
				INFOPLIST_KEY_UISupportedInterfaceOrientations_iPhone = "UIInterfaceOrientationPortrait UIInterfaceOrientationLandscapeLeft UIInterfaceOrientationLandscapeRight";
				LD_RUNPATH_SEARCH_PATHS = (
					"$(inherited)",
					"@executable_path/Frameworks",
				);
				MARKETING_VERSION = 1.0;
				PRODUCT_BUNDLE_IDENTIFIER = mintoak.customTableView;
				PRODUCT_NAME = "$(TARGET_NAME)";
				SWIFT_EMIT_LOC_STRINGS = YES;
				SWIFT_VERSION = 5.0;
				TARGETED_DEVICE_FAMILY = "1,2";
			};
			name = Debug;
		};
		11DE4BC02B59171D007827FF /* Release */ = {
			isa = XCBuildConfiguration;
			buildSettings = {
				ASSETCATALOG_COMPILER_APPICON_NAME = AppIcon;
				ASSETCATALOG_COMPILER_GLOBAL_ACCENT_COLOR_NAME = AccentColor;
				CODE_SIGN_STYLE = Automatic;
				CURRENT_PROJECT_VERSION = 1;
				GENERATE_INFOPLIST_FILE = YES;
				INFOPLIST_FILE = customTableView/Info.plist;
				INFOPLIST_KEY_UIApplicationSupportsIndirectInputEvents = YES;
				INFOPLIST_KEY_UILaunchStoryboardName = LaunchScreen;
				INFOPLIST_KEY_UIMainStoryboardFile = Main;
				INFOPLIST_KEY_UISupportedInterfaceOrientations_iPad = "UIInterfaceOrientationPortrait UIInterfaceOrientationPortraitUpsideDown UIInterfaceOrientationLandscapeLeft UIInterfaceOrientationLandscapeRight";
				INFOPLIST_KEY_UISupportedInterfaceOrientations_iPhone = "UIInterfaceOrientationPortrait UIInterfaceOrientationLandscapeLeft UIInterfaceOrientationLandscapeRight";
				LD_RUNPATH_SEARCH_PATHS = (
					"$(inherited)",
					"@executable_path/Frameworks",
				);
				MARKETING_VERSION = 1.0;
				PRODUCT_BUNDLE_IDENTIFIER = mintoak.customTableView;
				PRODUCT_NAME = "$(TARGET_NAME)";
				SWIFT_EMIT_LOC_STRINGS = YES;
				SWIFT_VERSION = 5.0;
				TARGETED_DEVICE_FAMILY = "1,2";
			};
			name = Release;
		};
		11DE4BC22B59171D007827FF /* Debug */ = {
			isa = XCBuildConfiguration;
			buildSettings = {
				ALWAYS_EMBED_SWIFT_STANDARD_LIBRARIES = YES;
				BUNDLE_LOADER = "$(TEST_HOST)";
				CODE_SIGN_STYLE = Automatic;
				CURRENT_PROJECT_VERSION = 1;
				GENERATE_INFOPLIST_FILE = YES;
				IPHONEOS_DEPLOYMENT_TARGET = 17.2;
				MARKETING_VERSION = 1.0;
				PRODUCT_BUNDLE_IDENTIFIER = mintoak.customTableViewTests;
				PRODUCT_NAME = "$(TARGET_NAME)";
				SWIFT_EMIT_LOC_STRINGS = NO;
				SWIFT_VERSION = 5.0;
				TARGETED_DEVICE_FAMILY = "1,2";
				TEST_HOST = "$(BUILT_PRODUCTS_DIR)/customTableView.app/$(BUNDLE_EXECUTABLE_FOLDER_PATH)/customTableView";
			};
			name = Debug;
		};
		11DE4BC32B59171D007827FF /* Release */ = {
			isa = XCBuildConfiguration;
			buildSettings = {
				ALWAYS_EMBED_SWIFT_STANDARD_LIBRARIES = YES;
				BUNDLE_LOADER = "$(TEST_HOST)";
				CODE_SIGN_STYLE = Automatic;
				CURRENT_PROJECT_VERSION = 1;
				GENERATE_INFOPLIST_FILE = YES;
				IPHONEOS_DEPLOYMENT_TARGET = 17.2;
				MARKETING_VERSION = 1.0;
				PRODUCT_BUNDLE_IDENTIFIER = mintoak.customTableViewTests;
				PRODUCT_NAME = "$(TARGET_NAME)";
				SWIFT_EMIT_LOC_STRINGS = NO;
				SWIFT_VERSION = 5.0;
				TARGETED_DEVICE_FAMILY = "1,2";
				TEST_HOST = "$(BUILT_PRODUCTS_DIR)/customTableView.app/$(BUNDLE_EXECUTABLE_FOLDER_PATH)/customTableView";
			};
			name = Release;
		};
		11DE4BC52B59171D007827FF /* Debug */ = {
			isa = XCBuildConfiguration;
			buildSettings = {
				ALWAYS_EMBED_SWIFT_STANDARD_LIBRARIES = YES;
				CODE_SIGN_STYLE = Automatic;
				CURRENT_PROJECT_VERSION = 1;
				GENERATE_INFOPLIST_FILE = YES;
				MARKETING_VERSION = 1.0;
				PRODUCT_BUNDLE_IDENTIFIER = mintoak.customTableViewUITests;
				PRODUCT_NAME = "$(TARGET_NAME)";
				SWIFT_EMIT_LOC_STRINGS = NO;
				SWIFT_VERSION = 5.0;
				TARGETED_DEVICE_FAMILY = "1,2";
				TEST_TARGET_NAME = customTableView;
			};
			name = Debug;
		};
		11DE4BC62B59171D007827FF /* Release */ = {
			isa = XCBuildConfiguration;
			buildSettings = {
				ALWAYS_EMBED_SWIFT_STANDARD_LIBRARIES = YES;
				CODE_SIGN_STYLE = Automatic;
				CURRENT_PROJECT_VERSION = 1;
				GENERATE_INFOPLIST_FILE = YES;
				MARKETING_VERSION = 1.0;
				PRODUCT_BUNDLE_IDENTIFIER = mintoak.customTableViewUITests;
				PRODUCT_NAME = "$(TARGET_NAME)";
				SWIFT_EMIT_LOC_STRINGS = NO;
				SWIFT_VERSION = 5.0;
				TARGETED_DEVICE_FAMILY = "1,2";
				TEST_TARGET_NAME = customTableView;
			};
			name = Release;
		};
/* End XCBuildConfiguration section */

/* Begin XCConfigurationList section */
		11DE4B8F2B59171C007827FF /* Build configuration list for PBXProject "customTableView" */ = {
			isa = XCConfigurationList;
			buildConfigurations = (
				11DE4BBC2B59171D007827FF /* Debug */,
				11DE4BBD2B59171D007827FF /* Release */,
			);
			defaultConfigurationIsVisible = 0;
			defaultConfigurationName = Release;
		};
		11DE4BBE2B59171D007827FF /* Build configuration list for PBXNativeTarget "customTableView" */ = {
			isa = XCConfigurationList;
			buildConfigurations = (
				11DE4BBF2B59171D007827FF /* Debug */,
				11DE4BC02B59171D007827FF /* Release */,
			);
			defaultConfigurationIsVisible = 0;
			defaultConfigurationName = Release;
		};
		11DE4BC12B59171D007827FF /* Build configuration list for PBXNativeTarget "customTableViewTests" */ = {
			isa = XCConfigurationList;
			buildConfigurations = (
				11DE4BC22B59171D007827FF /* Debug */,
				11DE4BC32B59171D007827FF /* Release */,
			);
			defaultConfigurationIsVisible = 0;
			defaultConfigurationName = Release;
		};
		11DE4BC42B59171D007827FF /* Build configuration list for PBXNativeTarget "customTableViewUITests" */ = {
			isa = XCConfigurationList;
			buildConfigurations = (
				11DE4BC52B59171D007827FF /* Debug */,
				11DE4BC62B59171D007827FF /* Release */,
			);
			defaultConfigurationIsVisible = 0;
			defaultConfigurationName = Release;
		};
/* End XCConfigurationList section */
	};
	rootObject = 11DE4B8C2B59171C007827FF /* Project object */;
}
